github.com/OlegDzhuraev/talosecs v0.0.0-20220403091137-90ded3ad9d3c h1:7NkOppPWRfBwYTkVTqkaLW0/JQwALOaO4bA0fe4V0OM=
github.com/OlegDzhuraev/talosecs v0.0.0-20220403091137-90ded3ad9d3c/go.mod h1:Hdb17A4hDWaXuQFjT7x+n00/G82t4qT2LI/RLFvxTpA=
github.com/OlegDzhuraev/talosecs v0.0.0-20220403093316-6b6dbb7e5ebe h1:HrUrtdvau8xhOeaVAaQWHZKD4MxI2hPIDXA6ENvJJBo=
github.com/OlegDzhuraev/talosecs v0.0.0-20220403093316-6b6dbb7e5ebe/go.mod h1:Hdb17A4hDWaXuQFjT7x+n00/G82t4qT2LI/RLFvxTpA=
github.com/OlegDzhuraev/talosecs v0.0.0-20220403101542-a2326a69706e h1:AUSWZIGZcKSWlWKAnncHVJPT3N0WhMdpwxDmoTVN7Vc=
github.com/OlegDzhuraev/talosecs v0.0.0-20220403101542-a2326a69706e/go.mod h1:Hdb17A4hDWaXuQFjT7x+n00/G82t4qT2LI/RLFvxTpA=
github.com/OlegDzhuraev/talosecs v0.0.0-20220403110247-39dcff449c21 h1:51y/ZWIGx19flrYNmf5kqFmAPaS7lc48S26qn/ZMhy0=
github.com/OlegDzhuraev/talosecs v0.0.0-20220403110247-39dcff449c21/go.mod h1:Hdb17A4hDWaXuQFjT7x+n00/G82t4qT2LI/RLFvxTpA=
github.com/OlegDzhuraev/talosecs v0.1.1 h1://hd0H/ztO5qUR4TYAVU38rVN2OR196i3Dqi0LJDcfk=
github.com/OlegDzhuraev/talosecs v0.1.1/go.mod h1:Hdb17A4hDWaXuQFjT7x+n00/G82t4qT2LI/RLFvxTpA=
github.com/OlegDzhuraev/talosecs v0.1.2 h1:xcFlPWUNubtcgB9W4lxWsqbuGWTtdqoFSz8BivDIVac=
github.com/OlegDzhuraev/talosecs v0.1.2/go.mod h1:Hdb17A4hDWaXuQFjT7x+n00/G82t4qT2LI/RLFvxTpA=
github.com/OlegDzhuraev/talosecs v0.1.3 h1:Zt+0A9dmE1VekuzJ1om6s7disBd0+wjIw/hv4U8aNps=
github.com/OlegDzhuraev/talosecs v0.1.3/go.mod h1:Hdb17A4hDWaXuQFjT7x+n00/G82t4qT2LI/RLFvxTpA=
github.com/OlegDzhuraev/talosecs v0.1.4 h1:Uz3D8Kr7Cmbj0p/nE22/W0zmnPC6aVmYzSUsf/CuRLI=
github.com/OlegDzhuraev/talosecs v0.1.4/go.mod h1:Hdb17A4hDWaXuQFjT7x+n00/G82t4qT2LI/RLFvxTpA=
github.com/OlegDzhuraev/talosecs v0.1.5-0.20220407110104-62981ba85331 h1:vH41+gP6TwVzYUTGmfPxMhEVV7QZG4rv5M+f0C8cXuk=
github.com/OlegDzhuraev/talosecs v0.1.5-0.20220407110104-62981ba85331/go.mod h1:Hdb17A4hDWaXuQFjT7x+n00/G82t4qT2LI/RLFvxTpA=
github.com/OlegDzhuraev/talosecs v0.2.0 h1:DRtqHmYoDMGI3gl2rkcw8CiSGvQmleI575hYJOxTL6s=
github.com/OlegDzhuraev/talosecs v0.2.0/go.mod h1:Hdb17A4hDWaXuQFjT7x+n00/G82t4qT2LI/RLFvxTpA=
github.com/OlegDzhuraev/talosecs v0.2.1 h1:YHfD/b0K7GuhWe2j50M6sPpwjY1aBewTcfpSQmFvQ80=
github.com/OlegDzhuraev/talosecs v0.2.1/go.mod h1:Hdb17A4hDWaXuQFjT7x+n00/G82t4qT2LI/RLFvxTpA=
github.com/OlegDzhuraev/talosecs v0.3.0 h1:EfyGQMjFBQJ5koWXpT1ISXqhULBK6vcj96qmkp0vqgk=
github.com/OlegDzhuraev/talosecs v0.3.0/go.mod h1:Hdb17A4hDWaXuQFjT7x+n00/G82t4qT2LI/RLFvxTpA=
github.com/OlegDzhuraev/talosecs v0.3.1 h1:oigWPP9gIFBYhJVgm/lrsJpE/gt8Bwx1/ongzczgS30=
github.com/OlegDzhuraev/talosecs v0.3.1/go.mod h1:Hdb17A4hDWaXuQFjT7x+n00/G82t4qT2LI/RLFvxTpA=
github.com/aquilax/go-perlin v1.1.0 h1:Gg+3jQ24wT4Y5GI7TCRLmYarzUG0k+n/JATFqOimb7s=
github.com/aquilax/go-perlin v1.1.0/go.mod h1:z9Rl7EM4BZY0Ikp2fEN1I5mKSOJ26HQpk0O2TBdN2HE=
github.com/gen2brain/raylib-go/raylib v0.0.0-20220324192015-efabb001d2f1 h1:fVwOqFHoAMfdBytMHqiToHOwotB7/OX7ntEhyurnF3c=
github.com/gen2brain/raylib-go/raylib v0.0.0-20220324192015-efabb001d2f1/go.mod h1:+NbsqGlEQqGqrsgJFF5Yj2dkvn0ML2SQb8RqM2hJsPU=
